// !$*UTF8*$!
{
	archiveVersion = 1;
	classes = {
	};
	objectVersion = 46;
	objects = {

/* Begin PBXBuildFile section */
		638EFB0B1C5AFB2200498AB5 /* XMPPSwift.swift in Sources */ = {isa = PBXBuildFile; fileRef = 638EFB0A1C5AFB2200498AB5 /* XMPPSwift.swift */; };
		77A267ADC94A8A05A594DD80 /* Pods_XMPPSwift.framework in Frameworks */ = {isa = PBXBuildFile; fileRef = 953643D72072D0E6D9E7B4D8 /* Pods_XMPPSwift.framework */; };
		9A4BCF471D01B12F001F8419 /* AppDelegate.swift in Sources */ = {isa = PBXBuildFile; fileRef = 9A4BCF461D01B12F001F8419 /* AppDelegate.swift */; };
		9A4BCF491D01B12F001F8419 /* ViewController.swift in Sources */ = {isa = PBXBuildFile; fileRef = 9A4BCF481D01B12F001F8419 /* ViewController.swift */; };
		9A4BCF4C1D01B12F001F8419 /* Main.storyboard in Resources */ = {isa = PBXBuildFile; fileRef = 9A4BCF4A1D01B12F001F8419 /* Main.storyboard */; };
		9A4BCF4E1D01B12F001F8419 /* Assets.xcassets in Resources */ = {isa = PBXBuildFile; fileRef = 9A4BCF4D1D01B12F001F8419 /* Assets.xcassets */; };
		9A4BCF511D01B12F001F8419 /* LaunchScreen.storyboard in Resources */ = {isa = PBXBuildFile; fileRef = 9A4BCF4F1D01B12F001F8419 /* LaunchScreen.storyboard */; };
/* End PBXBuildFile section */

/* Begin PBXFileReference section */
		3C29A3DDC5BBF23838C6923B /* Pods-XMPPSwift.release.xcconfig */ = {isa = PBXFileReference; includeInIndex = 1; lastKnownFileType = text.xcconfig; name = "Pods-XMPPSwift.release.xcconfig"; path = "Pods/Target Support Files/Pods-XMPPSwift/Pods-XMPPSwift.release.xcconfig"; sourceTree = "<group>"; };
		638EFB071C5AFB2200498AB5 /* XMPPSwift.xctest */ = {isa = PBXFileReference; explicitFileType = wrapper.cfbundle; includeInIndex = 0; path = XMPPSwift.xctest; sourceTree = BUILT_PRODUCTS_DIR; };
		638EFB0A1C5AFB2200498AB5 /* XMPPSwift.swift */ = {isa = PBXFileReference; lastKnownFileType = sourcecode.swift; path = XMPPSwift.swift; sourceTree = "<group>"; };
		638EFB0C1C5AFB2200498AB5 /* Info.plist */ = {isa = PBXFileReference; lastKnownFileType = text.plist.xml; path = Info.plist; sourceTree = "<group>"; };
		953643D72072D0E6D9E7B4D8 /* Pods_XMPPSwift.framework */ = {isa = PBXFileReference; explicitFileType = wrapper.framework; includeInIndex = 0; path = Pods_XMPPSwift.framework; sourceTree = BUILT_PRODUCTS_DIR; };
		9A4BCF3B1D01AC73001F8419 /* XMPPFramework.podspec */ = {isa = PBXFileReference; lastKnownFileType = text; path = XMPPFramework.podspec; sourceTree = "<group>"; };
		9A4BCF441D01B12F001F8419 /* XMPP.app */ = {isa = PBXFileReference; explicitFileType = wrapper.application; includeInIndex = 0; path = XMPP.app; sourceTree = BUILT_PRODUCTS_DIR; };
		9A4BCF461D01B12F001F8419 /* AppDelegate.swift */ = {isa = PBXFileReference; lastKnownFileType = sourcecode.swift; path = AppDelegate.swift; sourceTree = "<group>"; };
		9A4BCF481D01B12F001F8419 /* ViewController.swift */ = {isa = PBXFileReference; lastKnownFileType = sourcecode.swift; path = ViewController.swift; sourceTree = "<group>"; };
		9A4BCF4B1D01B12F001F8419 /* Base */ = {isa = PBXFileReference; lastKnownFileType = file.storyboard; name = Base; path = Base.lproj/Main.storyboard; sourceTree = "<group>"; };
		9A4BCF4D1D01B12F001F8419 /* Assets.xcassets */ = {isa = PBXFileReference; lastKnownFileType = folder.assetcatalog; path = Assets.xcassets; sourceTree = "<group>"; };
		9A4BCF501D01B12F001F8419 /* Base */ = {isa = PBXFileReference; lastKnownFileType = file.storyboard; name = Base; path = Base.lproj/LaunchScreen.storyboard; sourceTree = "<group>"; };
		9A4BCF521D01B12F001F8419 /* Info.plist */ = {isa = PBXFileReference; lastKnownFileType = text.plist.xml; path = Info.plist; sourceTree = "<group>"; };
		A1C492A71F749FA0576C123F /* Pods-XMPPSwift.debug.xcconfig */ = {isa = PBXFileReference; includeInIndex = 1; lastKnownFileType = text.xcconfig; name = "Pods-XMPPSwift.debug.xcconfig"; path = "Pods/Target Support Files/Pods-XMPPSwift/Pods-XMPPSwift.debug.xcconfig"; sourceTree = "<group>"; };
/* End PBXFileReference section */

/* Begin PBXFrameworksBuildPhase section */
		638EFB041C5AFB2200498AB5 /* Frameworks */ = {
			isa = PBXFrameworksBuildPhase;
			buildActionMask = 2147483647;
			files = (
				77A267ADC94A8A05A594DD80 /* Pods_XMPPSwift.framework in Frameworks */,
			);
			runOnlyForDeploymentPostprocessing = 0;
		};
		9A4BCF411D01B12F001F8419 /* Frameworks */ = {
			isa = PBXFrameworksBuildPhase;
			buildActionMask = 2147483647;
			files = (
			);
			runOnlyForDeploymentPostprocessing = 0;
		};
/* End PBXFrameworksBuildPhase section */

/* Begin PBXGroup section */
		638EFB081C5AFB2200498AB5 /* Products */ = {
			isa = PBXGroup;
			children = (
				638EFB071C5AFB2200498AB5 /* XMPPSwift.xctest */,
				9A4BCF441D01B12F001F8419 /* XMPP.app */,
			);
			name = Products;
			sourceTree = "<group>";
		};
		638EFB091C5AFB2200498AB5 /* XMPPSwift */ = {
			isa = PBXGroup;
			children = (
				638EFB0A1C5AFB2200498AB5 /* XMPPSwift.swift */,
				638EFB0C1C5AFB2200498AB5 /* Info.plist */,
			);
			path = XMPPSwift;
			sourceTree = "<group>";
		};
		63D95F771C5AFADC00078610 = {
			isa = PBXGroup;
			children = (
				9A4BCF3B1D01AC73001F8419 /* XMPPFramework.podspec */,
				638EFB091C5AFB2200498AB5 /* XMPPSwift */,
				9A4BCF451D01B12F001F8419 /* XMPP */,
				638EFB081C5AFB2200498AB5 /* Products */,
				640F0FB063AB775697DDE640 /* Pods */,
				870FFE8B69EEC51FB3CCE6DA /* Frameworks */,
			);
			sourceTree = "<group>";
		};
		640F0FB063AB775697DDE640 /* Pods */ = {
			isa = PBXGroup;
			children = (
				A1C492A71F749FA0576C123F /* Pods-XMPPSwift.debug.xcconfig */,
				3C29A3DDC5BBF23838C6923B /* Pods-XMPPSwift.release.xcconfig */,
			);
			name = Pods;
			sourceTree = "<group>";
		};
		870FFE8B69EEC51FB3CCE6DA /* Frameworks */ = {
			isa = PBXGroup;
			children = (
				953643D72072D0E6D9E7B4D8 /* Pods_XMPPSwift.framework */,
			);
			name = Frameworks;
			sourceTree = "<group>";
		};
		9A4BCF451D01B12F001F8419 /* XMPP */ = {
			isa = PBXGroup;
			children = (
				9A4BCF461D01B12F001F8419 /* AppDelegate.swift */,
				9A4BCF481D01B12F001F8419 /* ViewController.swift */,
				9A4BCF4A1D01B12F001F8419 /* Main.storyboard */,
				9A4BCF4D1D01B12F001F8419 /* Assets.xcassets */,
				9A4BCF4F1D01B12F001F8419 /* LaunchScreen.storyboard */,
				9A4BCF521D01B12F001F8419 /* Info.plist */,
			);
			path = XMPP;
			sourceTree = "<group>";
		};
/* End PBXGroup section */

/* Begin PBXNativeTarget section */
		638EFB061C5AFB2200498AB5 /* XMPPSwift */ = {
			isa = PBXNativeTarget;
			buildConfigurationList = 638EFB0F1C5AFB2200498AB5 /* Build configuration list for PBXNativeTarget "XMPPSwift" */;
			buildPhases = (
				61EC3D773CCD07E962902F09 /* 📦 Check Pods Manifest.lock */,
				638EFB031C5AFB2200498AB5 /* Sources */,
				638EFB041C5AFB2200498AB5 /* Frameworks */,
				638EFB051C5AFB2200498AB5 /* Resources */,
				2113824DB30860448EE18AC2 /* 📦 Embed Pods Frameworks */,
				B946FC500B24C23BE71C4711 /* 📦 Copy Pods Resources */,
			);
			buildRules = (
			);
			dependencies = (
			);
			name = XMPPSwift;
			productName = XMPPSwift;
			productReference = 638EFB071C5AFB2200498AB5 /* XMPPSwift.xctest */;
			productType = "com.apple.product-type.bundle.unit-test";
		};
		9A4BCF431D01B12F001F8419 /* XMPP */ = {
			isa = PBXNativeTarget;
			buildConfigurationList = 9A4BCF551D01B12F001F8419 /* Build configuration list for PBXNativeTarget "XMPP" */;
			buildPhases = (
				9A4BCF401D01B12F001F8419 /* Sources */,
				9A4BCF411D01B12F001F8419 /* Frameworks */,
				9A4BCF421D01B12F001F8419 /* Resources */,
			);
			buildRules = (
			);
			dependencies = (
			);
			name = XMPP;
			productName = XMPP;
			productReference = 9A4BCF441D01B12F001F8419 /* XMPP.app */;
			productType = "com.apple.product-type.application";
		};
/* End PBXNativeTarget section */

/* Begin PBXProject section */
		63D95F781C5AFADC00078610 /* Project object */ = {
			isa = PBXProject;
			attributes = {
				LastSwiftUpdateCheck = 0730;
				LastUpgradeCheck = 0720;
				TargetAttributes = {
					638EFB061C5AFB2200498AB5 = {
						CreatedOnToolsVersion = 7.2;
					};
					9A4BCF431D01B12F001F8419 = {
						CreatedOnToolsVersion = 7.3.1;
					};
				};
			};
			buildConfigurationList = 63D95F7B1C5AFADC00078610 /* Build configuration list for PBXProject "XMPPSwift" */;
			compatibilityVersion = "Xcode 3.2";
			developmentRegion = English;
			hasScannedForEncodings = 0;
			knownRegions = (
				en,
				Base,
			);
			mainGroup = 63D95F771C5AFADC00078610;
			productRefGroup = 638EFB081C5AFB2200498AB5 /* Products */;
			projectDirPath = "";
			projectRoot = "";
			targets = (
				638EFB061C5AFB2200498AB5 /* XMPPSwift */,
				9A4BCF431D01B12F001F8419 /* XMPP */,
			);
		};
/* End PBXProject section */

/* Begin PBXResourcesBuildPhase section */
		638EFB051C5AFB2200498AB5 /* Resources */ = {
			isa = PBXResourcesBuildPhase;
			buildActionMask = 2147483647;
			files = (
			);
			runOnlyForDeploymentPostprocessing = 0;
		};
		9A4BCF421D01B12F001F8419 /* Resources */ = {
			isa = PBXResourcesBuildPhase;
			buildActionMask = 2147483647;
			files = (
				9A4BCF511D01B12F001F8419 /* LaunchScreen.storyboard in Resources */,
				9A4BCF4E1D01B12F001F8419 /* Assets.xcassets in Resources */,
				9A4BCF4C1D01B12F001F8419 /* Main.storyboard in Resources */,
			);
			runOnlyForDeploymentPostprocessing = 0;
		};
/* End PBXResourcesBuildPhase section */

/* Begin PBXShellScriptBuildPhase section */
		2113824DB30860448EE18AC2 /* 📦 Embed Pods Frameworks */ = {
			isa = PBXShellScriptBuildPhase;
			buildActionMask = 2147483647;
			files = (
			);
			inputPaths = (
			);
			name = "📦 Embed Pods Frameworks";
			outputPaths = (
			);
			runOnlyForDeploymentPostprocessing = 0;
			shellPath = /bin/sh;
			shellScript = "\"${SRCROOT}/Pods/Target Support Files/Pods-XMPPSwift/Pods-XMPPSwift-frameworks.sh\"\n";
			showEnvVarsInLog = 0;
		};
		61EC3D773CCD07E962902F09 /* 📦 Check Pods Manifest.lock */ = {
			isa = PBXShellScriptBuildPhase;
			buildActionMask = 2147483647;
			files = (
			);
			inputPaths = (
			);
			name = "📦 Check Pods Manifest.lock";
			outputPaths = (
			);
			runOnlyForDeploymentPostprocessing = 0;
			shellPath = /bin/sh;
			shellScript = "diff \"${PODS_ROOT}/../Podfile.lock\" \"${PODS_ROOT}/Manifest.lock\" > /dev/null\nif [[ $? != 0 ]] ; then\n    cat << EOM\nerror: The sandbox is not in sync with the Podfile.lock. Run 'pod install' or update your CocoaPods installation.\nEOM\n    exit 1\nfi\n";
			showEnvVarsInLog = 0;
		};
		B946FC500B24C23BE71C4711 /* 📦 Copy Pods Resources */ = {
			isa = PBXShellScriptBuildPhase;
			buildActionMask = 2147483647;
			files = (
			);
			inputPaths = (
			);
			name = "📦 Copy Pods Resources";
			outputPaths = (
			);
			runOnlyForDeploymentPostprocessing = 0;
			shellPath = /bin/sh;
			shellScript = "\"${SRCROOT}/Pods/Target Support Files/Pods-XMPPSwift/Pods-XMPPSwift-resources.sh\"\n";
			showEnvVarsInLog = 0;
		};
/* End PBXShellScriptBuildPhase section */

/* Begin PBXSourcesBuildPhase section */
		638EFB031C5AFB2200498AB5 /* Sources */ = {
			isa = PBXSourcesBuildPhase;
			buildActionMask = 2147483647;
			files = (
				638EFB0B1C5AFB2200498AB5 /* XMPPSwift.swift in Sources */,
			);
			runOnlyForDeploymentPostprocessing = 0;
		};
		9A4BCF401D01B12F001F8419 /* Sources */ = {
			isa = PBXSourcesBuildPhase;
			buildActionMask = 2147483647;
			files = (
				9A4BCF491D01B12F001F8419 /* ViewController.swift in Sources */,
				9A4BCF471D01B12F001F8419 /* AppDelegate.swift in Sources */,
			);
			runOnlyForDeploymentPostprocessing = 0;
		};
/* End PBXSourcesBuildPhase section */

/* Begin PBXVariantGroup section */
		9A4BCF4A1D01B12F001F8419 /* Main.storyboard */ = {
			isa = PBXVariantGroup;
			children = (
				9A4BCF4B1D01B12F001F8419 /* Base */,
			);
			name = Main.storyboard;
			sourceTree = "<group>";
		};
		9A4BCF4F1D01B12F001F8419 /* LaunchScreen.storyboard */ = {
			isa = PBXVariantGroup;
			children = (
				9A4BCF501D01B12F001F8419 /* Base */,
			);
			name = LaunchScreen.storyboard;
			sourceTree = "<group>";
		};
/* End PBXVariantGroup section */

/* Begin XCBuildConfiguration section */
		638EFB0D1C5AFB2200498AB5 /* Debug */ = {
			isa = XCBuildConfiguration;
			baseConfigurationReference = A1C492A71F749FA0576C123F /* Pods-XMPPSwift.debug.xcconfig */;
			buildSettings = {
				ALWAYS_SEARCH_USER_PATHS = NO;
				CLANG_CXX_LANGUAGE_STANDARD = "gnu++0x";
				CLANG_CXX_LIBRARY = "libc++";
				CLANG_ENABLE_MODULES = YES;
				CLANG_ENABLE_OBJC_ARC = YES;
				CLANG_WARN_BOOL_CONVERSION = YES;
				CLANG_WARN_CONSTANT_CONVERSION = YES;
				CLANG_WARN_DIRECT_OBJC_ISA_USAGE = YES_ERROR;
				CLANG_WARN_EMPTY_BODY = YES;
				CLANG_WARN_ENUM_CONVERSION = YES;
				CLANG_WARN_INT_CONVERSION = YES;
				CLANG_WARN_OBJC_ROOT_CLASS = YES_ERROR;
				CLANG_WARN_UNREACHABLE_CODE = YES;
				CLANG_WARN__DUPLICATE_METHOD_MATCH = YES;
				"CODE_SIGN_IDENTITY[sdk=iphoneos*]" = "iPhone Developer";
				COPY_PHASE_STRIP = NO;
				DEBUG_INFORMATION_FORMAT = dwarf;
				ENABLE_STRICT_OBJC_MSGSEND = YES;
				ENABLE_TESTABILITY = YES;
				GCC_C_LANGUAGE_STANDARD = gnu99;
				GCC_DYNAMIC_NO_PIC = NO;
				GCC_NO_COMMON_BLOCKS = YES;
				GCC_OPTIMIZATION_LEVEL = 0;
				GCC_PREPROCESSOR_DEFINITIONS = (
					"DEBUG=1",
					"$(inherited)",
				);
				GCC_WARN_64_TO_32_BIT_CONVERSION = YES;
				GCC_WARN_ABOUT_RETURN_TYPE = YES_ERROR;
				GCC_WARN_UNDECLARED_SELECTOR = YES;
				GCC_WARN_UNINITIALIZED_AUTOS = YES_AGGRESSIVE;
				GCC_WARN_UNUSED_FUNCTION = YES;
				GCC_WARN_UNUSED_VARIABLE = YES;
				INFOPLIST_FILE = XMPPSwift/Info.plist;
				IPHONEOS_DEPLOYMENT_TARGET = 9.2;
				LD_RUNPATH_SEARCH_PATHS = "$(inherited) @executable_path/Frameworks @loader_path/Frameworks";
				MTL_ENABLE_DEBUG_INFO = YES;
				ONLY_ACTIVE_ARCH = YES;
				PRODUCT_BUNDLE_IDENTIFIER = com.davidchiles.XMPPSwift;
				PRODUCT_NAME = "$(TARGET_NAME)";
				SDKROOT = iphoneos;
				SWIFT_OPTIMIZATION_LEVEL = "-Onone";
			};
			name = Debug;
		};
		638EFB0E1C5AFB2200498AB5 /* Release */ = {
			isa = XCBuildConfiguration;
			baseConfigurationReference = 3C29A3DDC5BBF23838C6923B /* Pods-XMPPSwift.release.xcconfig */;
			buildSettings = {
				ALWAYS_SEARCH_USER_PATHS = NO;
				CLANG_CXX_LANGUAGE_STANDARD = "gnu++0x";
				CLANG_CXX_LIBRARY = "libc++";
				CLANG_ENABLE_MODULES = YES;
				CLANG_ENABLE_OBJC_ARC = YES;
				CLANG_WARN_BOOL_CONVERSION = YES;
				CLANG_WARN_CONSTANT_CONVERSION = YES;
				CLANG_WARN_DIRECT_OBJC_ISA_USAGE = YES_ERROR;
				CLANG_WARN_EMPTY_BODY = YES;
				CLANG_WARN_ENUM_CONVERSION = YES;
				CLANG_WARN_INT_CONVERSION = YES;
				CLANG_WARN_OBJC_ROOT_CLASS = YES_ERROR;
				CLANG_WARN_UNREACHABLE_CODE = YES;
				CLANG_WARN__DUPLICATE_METHOD_MATCH = YES;
				"CODE_SIGN_IDENTITY[sdk=iphoneos*]" = "iPhone Developer";
				COPY_PHASE_STRIP = NO;
				DEBUG_INFORMATION_FORMAT = "dwarf-with-dsym";
				ENABLE_NS_ASSERTIONS = NO;
				ENABLE_STRICT_OBJC_MSGSEND = YES;
				GCC_C_LANGUAGE_STANDARD = gnu99;
				GCC_NO_COMMON_BLOCKS = YES;
				GCC_WARN_64_TO_32_BIT_CONVERSION = YES;
				GCC_WARN_ABOUT_RETURN_TYPE = YES_ERROR;
				GCC_WARN_UNDECLARED_SELECTOR = YES;
				GCC_WARN_UNINITIALIZED_AUTOS = YES_AGGRESSIVE;
				GCC_WARN_UNUSED_FUNCTION = YES;
				GCC_WARN_UNUSED_VARIABLE = YES;
				INFOPLIST_FILE = XMPPSwift/Info.plist;
				IPHONEOS_DEPLOYMENT_TARGET = 9.2;
				LD_RUNPATH_SEARCH_PATHS = "$(inherited) @executable_path/Frameworks @loader_path/Frameworks";
				MTL_ENABLE_DEBUG_INFO = NO;
				PRODUCT_BUNDLE_IDENTIFIER = com.davidchiles.XMPPSwift;
				PRODUCT_NAME = "$(TARGET_NAME)";
				SDKROOT = iphoneos;
				VALIDATE_PRODUCT = YES;
			};
			name = Release;
		};
		63D95F7C1C5AFADC00078610 /* Debug */ = {
			isa = XCBuildConfiguration;
			buildSettings = {
			};
			name = Debug;
		};
		63D95F7D1C5AFADC00078610 /* Release */ = {
			isa = XCBuildConfiguration;
			buildSettings = {
			};
			name = Release;
		};
		9A4BCF531D01B12F001F8419 /* Debug */ = {
			isa = XCBuildConfiguration;
			buildSettings = {
				ALWAYS_SEARCH_USER_PATHS = NO;
				ASSETCATALOG_COMPILER_APPICON_NAME = AppIcon;
				CLANG_ANALYZER_NONNULL = YES;
				CLANG_CXX_LANGUAGE_STANDARD = "gnu++0x";
				CLANG_CXX_LIBRARY = "libc++";
				CLANG_ENABLE_MODULES = YES;
				CLANG_ENABLE_OBJC_ARC = YES;
				CLANG_WARN_BOOL_CONVERSION = YES;
				CLANG_WARN_CONSTANT_CONVERSION = YES;
				CLANG_WARN_DIRECT_OBJC_ISA_USAGE = YES_ERROR;
				CLANG_WARN_EMPTY_BODY = YES;
				CLANG_WARN_ENUM_CONVERSION = YES;
				CLANG_WARN_INT_CONVERSION = YES;
				CLANG_WARN_OBJC_ROOT_CLASS = YES_ERROR;
				CLANG_WARN_UNREACHABLE_CODE = YES;
				CLANG_WARN__DUPLICATE_METHOD_MATCH = YES;
				"CODE_SIGN_IDENTITY[sdk=iphoneos*]" = "iPhone Developer";
				COPY_PHASE_STRIP = NO;
				DEBUG_INFORMATION_FORMAT = dwarf;
				ENABLE_STRICT_OBJC_MSGSEND = YES;
				ENABLE_TESTABILITY = YES;
				GCC_C_LANGUAGE_STANDARD = gnu99;
				GCC_DYNAMIC_NO_PIC = NO;
				GCC_NO_COMMON_BLOCKS = YES;
				GCC_OPTIMIZATION_LEVEL = 0;
				GCC_PREPROCESSOR_DEFINITIONS = (
					"DEBUG=1",
					"$(inherited)",
				);
				GCC_WARN_64_TO_32_BIT_CONVERSION = YES;
				GCC_WARN_ABOUT_RETURN_TYPE = YES_ERROR;
				GCC_WARN_UNDECLARED_SELECTOR = YES;
				GCC_WARN_UNINITIALIZED_AUTOS = YES_AGGRESSIVE;
				GCC_WARN_UNUSED_FUNCTION = YES;
				GCC_WARN_UNUSED_VARIABLE = YES;
				INFOPLIST_FILE = XMPP/Info.plist;
				IPHONEOS_DEPLOYMENT_TARGET = 9.3;
				LD_RUNPATH_SEARCH_PATHS = "$(inherited) @executable_path/Frameworks";
				MTL_ENABLE_DEBUG_INFO = YES;
				ONLY_ACTIVE_ARCH = YES;
				PRODUCT_BUNDLE_IDENTIFIER = com.chaatz.chat.XMPP;
				PRODUCT_NAME = "$(TARGET_NAME)";
				SDKROOT = iphoneos;
				SWIFT_OPTIMIZATION_LEVEL = "-Onone";
			};
			name = Debug;
		};
		9A4BCF541D01B12F001F8419 /* Release */ = {
			isa = XCBuildConfiguration;
			buildSettings = {
				ALWAYS_SEARCH_USER_PATHS = NO;
				ASSETCATALOG_COMPILER_APPICON_NAME = AppIcon;
				CLANG_ANALYZER_NONNULL = YES;
				CLANG_CXX_LANGUAGE_STANDARD = "gnu++0x";
				CLANG_CXX_LIBRARY = "libc++";
				CLANG_ENABLE_MODULES = YES;
				CLANG_ENABLE_OBJC_ARC = YES;
				CLANG_WARN_BOOL_CONVERSION = YES;
				CLANG_WARN_CONSTANT_CONVERSION = YES;
				CLANG_WARN_DIRECT_OBJC_ISA_USAGE = YES_ERROR;
				CLANG_WARN_EMPTY_BODY = YES;
				CLANG_WARN_ENUM_CONVERSION = YES;
				CLANG_WARN_INT_CONVERSION = YES;
				CLANG_WARN_OBJC_ROOT_CLASS = YES_ERROR;
				CLANG_WARN_UNREACHABLE_CODE = YES;
				CLANG_WARN__DUPLICATE_METHOD_MATCH = YES;
				"CODE_SIGN_IDENTITY[sdk=iphoneos*]" = "iPhone Developer";
				COPY_PHASE_STRIP = NO;
				DEBUG_INFORMATION_FORMAT = "dwarf-with-dsym";
				ENABLE_NS_ASSERTIONS = NO;
				ENABLE_STRICT_OBJC_MSGSEND = YES;
				GCC_C_LANGUAGE_STANDARD = gnu99;
				GCC_NO_COMMON_BLOCKS = YES;
				GCC_WARN_64_TO_32_BIT_CONVERSION = YES;
				GCC_WARN_ABOUT_RETURN_TYPE = YES_ERROR;
				GCC_WARN_UNDECLARED_SELECTOR = YES;
				GCC_WARN_UNINITIALIZED_AUTOS = YES_AGGRESSIVE;
				GCC_WARN_UNUSED_FUNCTION = YES;
				GCC_WARN_UNUSED_VARIABLE = YES;
				INFOPLIST_FILE = XMPP/Info.plist;
				IPHONEOS_DEPLOYMENT_TARGET = 9.3;
				LD_RUNPATH_SEARCH_PATHS = "$(inherited) @executable_path/Frameworks";
				MTL_ENABLE_DEBUG_INFO = NO;
				PRODUCT_BUNDLE_IDENTIFIER = com.chaatz.chat.XMPP;
				PRODUCT_NAME = "$(TARGET_NAME)";
				SDKROOT = iphoneos;
				VALIDATE_PRODUCT = YES;
			};
			name = Release;
		};
/* End XCBuildConfiguration section */

/* Begin XCConfigurationList section */
		638EFB0F1C5AFB2200498AB5 /* Build configuration list for PBXNativeTarget "XMPPSwift" */ = {
			isa = XCConfigurationList;
			buildConfigurations = (
				638EFB0D1C5AFB2200498AB5 /* Debug */,
				638EFB0E1C5AFB2200498AB5 /* Release */,
			);
			defaultConfigurationIsVisible = 0;
			defaultConfigurationName = Release;
		};
		63D95F7B1C5AFADC00078610 /* Build configuration list for PBXProject "XMPPSwift" */ = {
			isa = XCConfigurationList;
			buildConfigurations = (
				63D95F7C1C5AFADC00078610 /* Debug */,
				63D95F7D1C5AFADC00078610 /* Release */,
			);
			defaultConfigurationIsVisible = 0;
			defaultConfigurationName = Release;
		};
		9A4BCF551D01B12F001F8419 /* Build configuration list for PBXNativeTarget "XMPP" */ = {
			isa = XCConfigurationList;
			buildConfigurations = (
				9A4BCF531D01B12F001F8419 /* Debug */,
				9A4BCF541D01B12F001F8419 /* Release */,
			);
			defaultConfigurationIsVisible = 0;
		};
/* End XCConfigurationList section */
	};
	rootObject = 63D95F781C5AFADC00078610 /* Project object */;
}
